
Microsoft Visual Studio Solution File, Format Version 12.00
# Visual Studio Version 16
VisualStudioVersion = 16.0.31605.320
MinimumVisualStudioVersion = 10.0.40219.1
Project("{FAE04EC0-301F-11D3-BF4B-00C04F79EFBC}") = "Painting at ZJU", "Painting at ZJU\Painting at ZJU.csproj", "{34926787-C5D7-4B91-B53E-4AB3908EEE18}"
EndProject
Global
	GlobalSection(SolutionConfigurationPlatforms) = preSolution
		Debug|Any CPU = Debug|Any CPU
		Release|Any CPU = Release|Any CPU
	EndGlobalSection
	GlobalSection(ProjectConfigurationPlatforms) = postSolution
		{34926787-C5D7-4B91-B53E-4AB3908EEE18}.Debug|Any CPU.ActiveCfg = Debug|Any CPU
		{34926787-C5D7-4B91-B53E-4AB3908EEE18}.Debug|Any CPU.Build.0 = Debug|Any CPU
		{34926787-C5D7-4B91-B53E-4AB3908EEE18}.Release|Any CPU.ActiveCfg = Release|Any CPU
		{34926787-C5D7-4B91-B53E-4AB3908EEE18}.Release|Any CPU.Build.0 = Release|Any CPU
	EndGlobalSection
	GlobalSection(SolutionProperties) = preSolution
		HideSolutionNode = FALSE
	EndGlobalSection
	GlobalSection(ExtensibilityGlobals) = postSolution
		SolutionGuid = {A13A3A44-704F-466D-AF6F-F6EB3D7B7B0B}
	EndGlobalSection
EndGlobal
